
Microsoft Visual Studio Solution File, Format Version 12.00
# Visual Studio Version 16
VisualStudioVersion = 16.0.30204.135
MinimumVisualStudioVersion = 10.0.40219.1
Project("{9A19103F-16F7-4668-BE54-9A1E7A4F7556}") = "CyclingWeather", "API_Extension\CyclingWeather.csproj", "{F671B5AF-0ED4-4468-AF4A-E0198F253400}"
EndProject
Project("{9A19103F-16F7-4668-BE54-9A1E7A4F7556}") = "ApiUnitTests", "ApiUnitTests\ApiUnitTests.csproj", "{077B38BF-04F5-4462-BDFA-F6EBB75F0D88}"
EndProject
Global
	GlobalSection(SolutionConfigurationPlatforms) = preSolution
		Debug|Any CPU = Debug|Any CPU
		Release|Any CPU = Release|Any CPU
	EndGlobalSection
	GlobalSection(ProjectConfigurationPlatforms) = postSolution
		{F671B5AF-0ED4-4468-AF4A-E0198F253400}.Debug|Any CPU.ActiveCfg = Debug|Any CPU
		{F671B5AF-0ED4-4468-AF4A-E0198F253400}.Debug|Any CPU.Build.0 = Debug|Any CPU
		{F671B5AF-0ED4-4468-AF4A-E0198F253400}.Release|Any CPU.ActiveCfg = Release|Any CPU
		{F671B5AF-0ED4-4468-AF4A-E0198F253400}.Release|Any CPU.Build.0 = Release|Any CPU
		{077B38BF-04F5-4462-BDFA-F6EBB75F0D88}.Debug|Any CPU.ActiveCfg = Debug|Any CPU
		{077B38BF-04F5-4462-BDFA-F6EBB75F0D88}.Debug|Any CPU.Build.0 = Debug|Any CPU
		{077B38BF-04F5-4462-BDFA-F6EBB75F0D88}.Release|Any CPU.ActiveCfg = Release|Any CPU
		{077B38BF-04F5-4462-BDFA-F6EBB75F0D88}.Release|Any CPU.Build.0 = Release|Any CPU
	EndGlobalSection
	GlobalSection(SolutionProperties) = preSolution
		HideSolutionNode = FALSE
	EndGlobalSection
	GlobalSection(ExtensibilityGlobals) = postSolution
		SolutionGuid = {9B4CC326-AE10-43CE-BAA7-8089A1E5225B}
	EndGlobalSection
EndGlobal
